{
  "name": "compile",
  "version": "0.0.1",
  "lockfileVersion": 1,
  "requires": true,
  "dependencies": {
    "rskapi": {
      "version": "0.0.10",
      "resolved": "https://registry.npmjs.org/rskapi/-/rskapi-0.0.10.tgz",
      "integrity": "sha512-FXND79Oysqxkk34j0TWQYt1scK2CmH24x8nxqupaN4Qjlqtu5qknWe/fwefpO5Btt/dkpGLoWKxpFkO1PwtGPg==",
      "requires": {
        "simplejsonrpc": "0.0.6"
      }
    },
    "simplejsonrpc": {
      "version": "0.0.6",
      "resolved": "https://registry.npmjs.org/simplejsonrpc/-/simplejsonrpc-0.0.6.tgz",
      "integrity": "sha512-MrrRxnHpZXIDDAYSMBAqUfBiWZNNAfDW+cFlAWv/Hq9RUn+hS2JID7shETmVNScPDiV5Zn5EePZb7V5jlHkvRw=="
    }
  }
}
